// !$*UTF8*$!
{
	archiveVersion = 1;
	classes = {
	};
	objectVersion = 46;
	objects = {

/* Begin PBXBuildFile section */
		B42990AD1E9C8CB000B91CD6 /* AppDelegate.swift in Sources */ = {isa = PBXBuildFile; fileRef = B42990AC1E9C8CB000B91CD6 /* AppDelegate.swift */; };
		B42990AF1E9C8CB000B91CD6 /* ViewController.swift in Sources */ = {isa = PBXBuildFile; fileRef = B42990AE1E9C8CB000B91CD6 /* ViewController.swift */; };
		B42990B21E9C8CB000B91CD6 /* Main.storyboard in Resources */ = {isa = PBXBuildFile; fileRef = B42990B01E9C8CB000B91CD6 /* Main.storyboard */; };
		B42990B41E9C8CB000B91CD6 /* Assets.xcassets in Resources */ = {isa = PBXBuildFile; fileRef = B42990B31E9C8CB000B91CD6 /* Assets.xcassets */; };
		B42990B71E9C8CB000B91CD6 /* LaunchScreen.storyboard in Resources */ = {isa = PBXBuildFile; fileRef = B42990B51E9C8CB000B91CD6 /* LaunchScreen.storyboard */; };
		B42990CA1E9CA53F00B91CD6 /* DYCornerBanner.framework in Frameworks */ = {isa = PBXBuildFile; fileRef = B42990C71E9C8E2A00B91CD6 /* DYCornerBanner.framework */; };
/* End PBXBuildFile section */

/* Begin PBXContainerItemProxy section */
		B42990C61E9C8E2A00B91CD6 /* PBXContainerItemProxy */ = {
			isa = PBXContainerItemProxy;
			containerPortal = B42990C11E9C8E2A00B91CD6 /* DYCornerBanner.xcodeproj */;
			proxyType = 2;
			remoteGlobalIDString = B42990861E9C8C2A00B91CD6;
			remoteInfo = DYCornerBanner;
		};
		B42990C81E9C8E2A00B91CD6 /* PBXContainerItemProxy */ = {
			isa = PBXContainerItemProxy;
			containerPortal = B42990C11E9C8E2A00B91CD6 /* DYCornerBanner.xcodeproj */;
			proxyType = 2;
			remoteGlobalIDString = B429908F1E9C8C2A00B91CD6;
			remoteInfo = DYCornerBannerTests;
		};
/* End PBXContainerItemProxy section */

/* Begin PBXFileReference section */
		B42990A91E9C8CB000B91CD6 /* DYCornerBannerDemo.app */ = {isa = PBXFileReference; explicitFileType = wrapper.application; includeInIndex = 0; path = DYCornerBannerDemo.app; sourceTree = BUILT_PRODUCTS_DIR; };
		B42990AC1E9C8CB000B91CD6 /* AppDelegate.swift */ = {isa = PBXFileReference; lastKnownFileType = sourcecode.swift; path = AppDelegate.swift; sourceTree = "<group>"; };
		B42990AE1E9C8CB000B91CD6 /* ViewController.swift */ = {isa = PBXFileReference; lastKnownFileType = sourcecode.swift; path = ViewController.swift; sourceTree = "<group>"; };
		B42990B11E9C8CB000B91CD6 /* Base */ = {isa = PBXFileReference; lastKnownFileType = file.storyboard; name = Base; path = Base.lproj/Main.storyboard; sourceTree = "<group>"; };
		B42990B31E9C8CB000B91CD6 /* Assets.xcassets */ = {isa = PBXFileReference; lastKnownFileType = folder.assetcatalog; path = Assets.xcassets; sourceTree = "<group>"; };
		B42990B61E9C8CB000B91CD6 /* Base */ = {isa = PBXFileReference; lastKnownFileType = file.storyboard; name = Base; path = Base.lproj/LaunchScreen.storyboard; sourceTree = "<group>"; };
		B42990B81E9C8CB000B91CD6 /* Info.plist */ = {isa = PBXFileReference; lastKnownFileType = text.plist.xml; path = Info.plist; sourceTree = "<group>"; };
		B42990C11E9C8E2A00B91CD6 /* DYCornerBanner.xcodeproj */ = {isa = PBXFileReference; lastKnownFileType = "wrapper.pb-project"; name = DYCornerBanner.xcodeproj; path = ../DYCornerBanner.xcodeproj; sourceTree = "<group>"; };
/* End PBXFileReference section */

/* Begin PBXFrameworksBuildPhase section */
		B42990A61E9C8CB000B91CD6 /* Frameworks */ = {
			isa = PBXFrameworksBuildPhase;
			buildActionMask = 2147483647;
			files = (
				B42990CA1E9CA53F00B91CD6 /* DYCornerBanner.framework in Frameworks */,
			);
			runOnlyForDeploymentPostprocessing = 0;
		};
/* End PBXFrameworksBuildPhase section */

/* Begin PBXGroup section */
		B42990A01E9C8CB000B91CD6 = {
			isa = PBXGroup;
			children = (
				B42990AB1E9C8CB000B91CD6 /* DYCornerBannerDemo */,
				B42990AA1E9C8CB000B91CD6 /* Products */,
				B42990C01E9C8E2900B91CD6 /* Frameworks */,
			);
			sourceTree = "<group>";
		};
		B42990AA1E9C8CB000B91CD6 /* Products */ = {
			isa = PBXGroup;
			children = (
				B42990A91E9C8CB000B91CD6 /* DYCornerBannerDemo.app */,
			);
			name = Products;
			sourceTree = "<group>";
		};
		B42990AB1E9C8CB000B91CD6 /* DYCornerBannerDemo */ = {
			isa = PBXGroup;
			children = (
				B42990AC1E9C8CB000B91CD6 /* AppDelegate.swift */,
				B42990AE1E9C8CB000B91CD6 /* ViewController.swift */,
				B42990B01E9C8CB000B91CD6 /* Main.storyboard */,
				B42990B31E9C8CB000B91CD6 /* Assets.xcassets */,
				B42990B51E9C8CB000B91CD6 /* LaunchScreen.storyboard */,
				B42990B81E9C8CB000B91CD6 /* Info.plist */,
			);
			path = DYCornerBannerDemo;
			sourceTree = "<group>";
		};
		B42990C01E9C8E2900B91CD6 /* Frameworks */ = {
			isa = PBXGroup;
			children = (
				B42990C11E9C8E2A00B91CD6 /* DYCornerBanner.xcodeproj */,
			);
			name = Frameworks;
			sourceTree = "<group>";
		};
		B42990C21E9C8E2A00B91CD6 /* Products */ = {
			isa = PBXGroup;
			children = (
				B42990C71E9C8E2A00B91CD6 /* DYCornerBanner.framework */,
				B42990C91E9C8E2A00B91CD6 /* DYCornerBannerTests.xctest */,
			);
			name = Products;
			sourceTree = "<group>";
		};
/* End PBXGroup section */

/* Begin PBXNativeTarget section */
		B42990A81E9C8CB000B91CD6 /* DYCornerBannerDemo */ = {
			isa = PBXNativeTarget;
			buildConfigurationList = B42990BB1E9C8CB000B91CD6 /* Build configuration list for PBXNativeTarget "DYCornerBannerDemo" */;
			buildPhases = (
				B42990A51E9C8CB000B91CD6 /* Sources */,
				B42990A61E9C8CB000B91CD6 /* Frameworks */,
				B42990A71E9C8CB000B91CD6 /* Resources */,
			);
			buildRules = (
			);
			dependencies = (
			);
			name = DYCornerBannerDemo;
			productName = DYCornerBannerDemo;
			productReference = B42990A91E9C8CB000B91CD6 /* DYCornerBannerDemo.app */;
			productType = "com.apple.product-type.application";
		};
/* End PBXNativeTarget section */

/* Begin PBXProject section */
		B42990A11E9C8CB000B91CD6 /* Project object */ = {
			isa = PBXProject;
			attributes = {
				LastSwiftUpdateCheck = 0820;
				LastUpgradeCheck = 0820;
				ORGANIZATIONNAME = Duoyun;
				TargetAttributes = {
					B42990A81E9C8CB000B91CD6 = {
						CreatedOnToolsVersion = 8.2;
						DevelopmentTeam = 76FXG652LY;
						ProvisioningStyle = Automatic;
					};
				};
			};
			buildConfigurationList = B42990A41E9C8CB000B91CD6 /* Build configuration list for PBXProject "DYCornerBannerDemo" */;
			compatibilityVersion = "Xcode 3.2";
			developmentRegion = English;
			hasScannedForEncodings = 0;
			knownRegions = (
				en,
				Base,
			);
			mainGroup = B42990A01E9C8CB000B91CD6;
			productRefGroup = B42990AA1E9C8CB000B91CD6 /* Products */;
			projectDirPath = "";
			projectReferences = (
				{
					ProductGroup = B42990C21E9C8E2A00B91CD6 /* Products */;
					ProjectRef = B42990C11E9C8E2A00B91CD6 /* DYCornerBanner.xcodeproj */;
				},
			);
			projectRoot = "";
			targets = (
				B42990A81E9C8CB000B91CD6 /* DYCornerBannerDemo */,
			);
		};
/* End PBXProject section */

/* Begin PBXReferenceProxy section */
		B42990C71E9C8E2A00B91CD6 /* DYCornerBanner.framework */ = {
			isa = PBXReferenceProxy;
			fileType = wrapper.framework;
			path = DYCornerBanner.framework;
			remoteRef = B42990C61E9C8E2A00B91CD6 /* PBXContainerItemProxy */;
			sourceTree = BUILT_PRODUCTS_DIR;
		};
		B42990C91E9C8E2A00B91CD6 /* DYCornerBannerTests.xctest */ = {
			isa = PBXReferenceProxy;
			fileType = wrapper.cfbundle;
			path = DYCornerBannerTests.xctest;
			remoteRef = B42990C81E9C8E2A00B91CD6 /* PBXContainerItemProxy */;
			sourceTree = BUILT_PRODUCTS_DIR;
		};
/* End PBXReferenceProxy section */

/* Begin PBXResourcesBuildPhase section */
		B42990A71E9C8CB000B91CD6 /* Resources */ = {
			isa = PBXResourcesBuildPhase;
			buildActionMask = 2147483647;
			files = (
				B42990B71E9C8CB000B91CD6 /* LaunchScreen.storyboard in Resources */,
				B42990B41E9C8CB000B91CD6 /* Assets.xcassets in Resources */,
				B42990B21E9C8CB000B91CD6 /* Main.storyboard in Resources */,
			);
			runOnlyForDeploymentPostprocessing = 0;
		};
/* End PBXResourcesBuildPhase section */

/* Begin PBXSourcesBuildPhase section */
		B42990A51E9C8CB000B91CD6 /* Sources */ = {
			isa = PBXSourcesBuildPhase;
			buildActionMask = 2147483647;
			files = (
				B42990AF1E9C8CB000B91CD6 /* ViewController.swift in Sources */,
				B42990AD1E9C8CB000B91CD6 /* AppDelegate.swift in Sources */,
			);
			runOnlyForDeploymentPostprocessing = 0;
		};
/* End PBXSourcesBuildPhase section */

/* Begin PBXVariantGroup section */
		B42990B01E9C8CB000B91CD6 /* Main.storyboard */ = {
			isa = PBXVariantGroup;
			children = (
				B42990B11E9C8CB000B91CD6 /* Base */,
			);
			name = Main.storyboard;
			sourceTree = "<group>";
		};
		B42990B51E9C8CB000B91CD6 /* LaunchScreen.storyboard */ = {
			isa = PBXVariantGroup;
			children = (
				B42990B61E9C8CB000B91CD6 /* Base */,
			);
			name = LaunchScreen.storyboard;
			sourceTree = "<group>";
		};
/* End PBXVariantGroup section */

/* Begin XCBuildConfiguration section */
		B42990B91E9C8CB000B91CD6 /* Debug */ = {
			isa = XCBuildConfiguration;
			buildSettings = {
				ALWAYS_SEARCH_USER_PATHS = NO;
				CLANG_ANALYZER_NONNULL = YES;
				CLANG_CXX_LANGUAGE_STANDARD = "gnu++0x";
				CLANG_CXX_LIBRARY = "libc++";
				CLANG_ENABLE_MODULES = YES;
				CLANG_ENABLE_OBJC_ARC = YES;
				CLANG_WARN_BOOL_CONVERSION = YES;
				CLANG_WARN_CONSTANT_CONVERSION = YES;
				CLANG_WARN_DIRECT_OBJC_ISA_USAGE = YES_ERROR;
				CLANG_WARN_DOCUMENTATION_COMMENTS = YES;
				CLANG_WARN_EMPTY_BODY = YES;
				CLANG_WARN_ENUM_CONVERSION = YES;
				CLANG_WARN_INFINITE_RECURSION = YES;
				CLANG_WARN_INT_CONVERSION = YES;
				CLANG_WARN_OBJC_ROOT_CLASS = YES_ERROR;
				CLANG_WARN_SUSPICIOUS_MOVE = YES;
				CLANG_WARN_UNREACHABLE_CODE = YES;
				CLANG_WARN__DUPLICATE_METHOD_MATCH = YES;
				"CODE_SIGN_IDENTITY[sdk=iphoneos*]" = "iPhone Developer";
				COPY_PHASE_STRIP = NO;
				DEBUG_INFORMATION_FORMAT = dwarf;
				ENABLE_STRICT_OBJC_MSGSEND = YES;
				ENABLE_TESTABILITY = YES;
				GCC_C_LANGUAGE_STANDARD = gnu99;
				GCC_DYNAMIC_NO_PIC = NO;
				GCC_NO_COMMON_BLOCKS = YES;
				GCC_OPTIMIZATION_LEVEL = 0;
				GCC_PREPROCESSOR_DEFINITIONS = (
					"DEBUG=1",
					"$(inherited)",
				);
				GCC_WARN_64_TO_32_BIT_CONVERSION = YES;
				GCC_WARN_ABOUT_RETURN_TYPE = YES_ERROR;
				GCC_WARN_UNDECLARED_SELECTOR = YES;
				GCC_WARN_UNINITIALIZED_AUTOS = YES_AGGRESSIVE;
				GCC_WARN_UNUSED_FUNCTION = YES;
				GCC_WARN_UNUSED_VARIABLE = YES;
				IPHONEOS_DEPLOYMENT_TARGET = 10.2;
				MTL_ENABLE_DEBUG_INFO = YES;
				ONLY_ACTIVE_ARCH = YES;
				SDKROOT = iphoneos;
				SWIFT_ACTIVE_COMPILATION_CONDITIONS = DEBUG;
				SWIFT_OPTIMIZATION_LEVEL = "-Onone";
			};
			name = Debug;
		};
		B42990BA1E9C8CB000B91CD6 /* Release */ = {
			isa = XCBuildConfiguration;
			buildSettings = {
				ALWAYS_SEARCH_USER_PATHS = NO;
				CLANG_ANALYZER_NONNULL = YES;
				CLANG_CXX_LANGUAGE_STANDARD = "gnu++0x";
				CLANG_CXX_LIBRARY = "libc++";
				CLANG_ENABLE_MODULES = YES;
				CLANG_ENABLE_OBJC_ARC = YES;
				CLANG_WARN_BOOL_CONVERSION = YES;
				CLANG_WARN_CONSTANT_CONVERSION = YES;
				CLANG_WARN_DIRECT_OBJC_ISA_USAGE = YES_ERROR;
				CLANG_WARN_DOCUMENTATION_COMMENTS = YES;
				CLANG_WARN_EMPTY_BODY = YES;
				CLANG_WARN_ENUM_CONVERSION = YES;
				CLANG_WARN_INFINITE_RECURSION = YES;
				CLANG_WARN_INT_CONVERSION = YES;
				CLANG_WARN_OBJC_ROOT_CLASS = YES_ERROR;
				CLANG_WARN_SUSPICIOUS_MOVE = YES;
				CLANG_WARN_UNREACHABLE_CODE = YES;
				CLANG_WARN__DUPLICATE_METHOD_MATCH = YES;
				"CODE_SIGN_IDENTITY[sdk=iphoneos*]" = "iPhone Developer";
				COPY_PHASE_STRIP = NO;
				DEBUG_INFORMATION_FORMAT = "dwarf-with-dsym";
				ENABLE_NS_ASSERTIONS = NO;
				ENABLE_STRICT_OBJC_MSGSEND = YES;
				GCC_C_LANGUAGE_STANDARD = gnu99;
				GCC_NO_COMMON_BLOCKS = YES;
				GCC_WARN_64_TO_32_BIT_CONVERSION = YES;
				GCC_WARN_ABOUT_RETURN_TYPE = YES_ERROR;
				GCC_WARN_UNDECLARED_SELECTOR = YES;
				GCC_WARN_UNINITIALIZED_AUTOS = YES_AGGRESSIVE;
				GCC_WARN_UNUSED_FUNCTION = YES;
				GCC_WARN_UNUSED_VARIABLE = YES;
				IPHONEOS_DEPLOYMENT_TARGET = 10.2;
				MTL_ENABLE_DEBUG_INFO = NO;
				SDKROOT = iphoneos;
				SWIFT_OPTIMIZATION_LEVEL = "-Owholemodule";
				VALIDATE_PRODUCT = YES;
			};
			name = Release;
		};
		B42990BC1E9C8CB000B91CD6 /* Debug */ = {
			isa = XCBuildConfiguration;
			buildSettings = {
				ASSETCATALOG_COMPILER_APPICON_NAME = AppIcon;
				DEVELOPMENT_TEAM = 76FXG652LY;
				INFOPLIST_FILE = DYCornerBannerDemo/Info.plist;
				LD_RUNPATH_SEARCH_PATHS = "$(inherited) @executable_path/Frameworks";
				PRODUCT_BUNDLE_IDENTIFIER = me.duoyun.DYCornerBannerDemo;
				PRODUCT_NAME = "$(TARGET_NAME)";
				SWIFT_VERSION = 3.0;
			};
			name = Debug;
		};
		B42990BD1E9C8CB000B91CD6 /* Release */ = {
			isa = XCBuildConfiguration;
			buildSettings = {
				ASSETCATALOG_COMPILER_APPICON_NAME = AppIcon;
				DEVELOPMENT_TEAM = 76FXG652LY;
				INFOPLIST_FILE = DYCornerBannerDemo/Info.plist;
				LD_RUNPATH_SEARCH_PATHS = "$(inherited) @executable_path/Frameworks";
				PRODUCT_BUNDLE_IDENTIFIER = me.duoyun.DYCornerBannerDemo;
				PRODUCT_NAME = "$(TARGET_NAME)";
				SWIFT_VERSION = 3.0;
			};
			name = Release;
		};
/* End XCBuildConfiguration section */

/* Begin XCConfigurationList section */
		B42990A41E9C8CB000B91CD6 /* Build configuration list for PBXProject "DYCornerBannerDemo" */ = {
			isa = XCConfigurationList;
			buildConfigurations = (
				B42990B91E9C8CB000B91CD6 /* Debug */,
				B42990BA1E9C8CB000B91CD6 /* Release */,
			);
			defaultConfigurationIsVisible = 0;
			defaultConfigurationName = Release;
		};
		B42990BB1E9C8CB000B91CD6 /* Build configuration list for PBXNativeTarget "DYCornerBannerDemo" */ = {
			isa = XCConfigurationList;
			buildConfigurations = (
				B42990BC1E9C8CB000B91CD6 /* Debug */,
				B42990BD1E9C8CB000B91CD6 /* Release */,
			);
			defaultConfigurationIsVisible = 0;
		};
/* End XCConfigurationList section */
	};
	rootObject = B42990A11E9C8CB000B91CD6 /* Project object */;
}
